
Microsoft Visual Studio Solution File, Format Version 12.00
# Visual Studio Version 17
VisualStudioVersion = 17.1.32228.430
MinimumVisualStudioVersion = 10.0.40219.1
Project("{FAE04EC0-301F-11D3-BF4B-00C04F79EFBC}") = "university", "university\university.csproj", "{CD9A9441-FD4D-4B61-8362-3F5E609D9DD0}"
EndProject
Global
	GlobalSection(SolutionConfigurationPlatforms) = preSolution
		Debug|Any CPU = Debug|Any CPU
		Release|Any CPU = Release|Any CPU
	EndGlobalSection
	GlobalSection(ProjectConfigurationPlatforms) = postSolution
		{CD9A9441-FD4D-4B61-8362-3F5E609D9DD0}.Debug|Any CPU.ActiveCfg = Debug|Any CPU
		{CD9A9441-FD4D-4B61-8362-3F5E609D9DD0}.Debug|Any CPU.Build.0 = Debug|Any CPU
		{CD9A9441-FD4D-4B61-8362-3F5E609D9DD0}.Release|Any CPU.ActiveCfg = Release|Any CPU
		{CD9A9441-FD4D-4B61-8362-3F5E609D9DD0}.Release|Any CPU.Build.0 = Release|Any CPU
	EndGlobalSection
	GlobalSection(SolutionProperties) = preSolution
		HideSolutionNode = FALSE
	EndGlobalSection
	GlobalSection(ExtensibilityGlobals) = postSolution
		SolutionGuid = {5C0F8DBC-D8E8-4FCD-88B2-B6787A10DB1D}
	EndGlobalSection
EndGlobal
